
Microsoft Visual Studio Solution File, Format Version 12.00
# Visual Studio 14
VisualStudioVersion = 14.0.25420.1
MinimumVisualStudioVersion = 10.0.40219.1
Project("{FAE04EC0-301F-11D3-BF4B-00C04F79EFBC}") = "ClinicManagement", "ClinicManagement\ClinicManagement.csproj", "{EDBC2872-D5BB-47F3-9EE7-5F1E18B06775}"
EndProject
Global
	GlobalSection(SolutionConfigurationPlatforms) = preSolution
		Debug|Any CPU = Debug|Any CPU
		Release|Any CPU = Release|Any CPU
	EndGlobalSection
	GlobalSection(ProjectConfigurationPlatforms) = postSolution
		{EDBC2872-D5BB-47F3-9EE7-5F1E18B06775}.Debug|Any CPU.ActiveCfg = Debug|Any CPU
		{EDBC2872-D5BB-47F3-9EE7-5F1E18B06775}.Debug|Any CPU.Build.0 = Debug|Any CPU
		{EDBC2872-D5BB-47F3-9EE7-5F1E18B06775}.Release|Any CPU.ActiveCfg = Release|Any CPU
		{EDBC2872-D5BB-47F3-9EE7-5F1E18B06775}.Release|Any CPU.Build.0 = Release|Any CPU
	EndGlobalSection
	GlobalSection(SolutionProperties) = preSolution
		HideSolutionNode = FALSE
	EndGlobalSection
EndGlobal
